{
  "originHash" : "3d6fc924bd8114933358f69be655a28b8844d39da0beeef14ae3dcaaa099fa0d",
  "pins" : [
    {
      "identity" : "observableobjectextensions",
      "kind" : "remoteSourceControl",
      "location" : "https://github.com/wwdc14yh/ObservableObjectExtensions.git",
      "state" : {
        "revision" : "383dc6b8b62a147ac12961835eabe2a63d24c69c",
        "version" : "0.0.1"
      }
    },
    {
      "identity" : "uicomponent",
      "kind" : "remoteSourceControl",
      "location" : "https://github.com/lkzhao/UIComponent",
      "state" : {
        "revision" : "06863bc50b072865ca4db102ed9fec10e5cb3f55",
        "version" : "4.1.4"
      }
    },
    {
      "identity" : "uicomponentextensions",
      "kind" : "remoteSourceControl",
      "location" : "https://github.com/wwdc14yh/UIComponentExtensions.git",
      "state" : {
        "revision" : "2a64bdcad176fca2c5db05dc0c6d3b6ea75f2973",
        "version" : "0.0.2"
      }
    }
  ],
  "version" : 3
}
